
Microsoft Visual Studio Solution File, Format Version 12.00
# Visual Studio Version 17
VisualStudioVersion = 17.3.32929.385
MinimumVisualStudioVersion = 10.0.40219.1
Project("{9A19103F-16F7-4668-BE54-9A1E7A4F7556}") = "Renta-y-venta-de-peliculas.DAL", "Renta-y-venta-de-peliculas.DAL\Renta-y-venta-de-peliculas.DAL.csproj", "{57558E86-D6AD-4A6E-A6E0-3BDCC0187185}"
EndProject
Project("{2150E333-8FDC-42A3-9474-1A3956D46DE8}") = "DAL", "DAL", "{59A97687-1700-4D23-BF15-9519440EB0A7}"
EndProject
Project("{2150E333-8FDC-42A3-9474-1A3956D46DE8}") = "BLL", "BLL", "{BEA8B722-CC80-4E18-93FD-BDC1684F99C5}"
EndProject
Project("{9A19103F-16F7-4668-BE54-9A1E7A4F7556}") = "Renta-y-venta-de-peliculas.BLL", "Renta-y-venta-de-peliculas.BLL\Renta-y-venta-de-peliculas.BLL.csproj", "{C008B389-77B5-41FB-94DF-C0B9968B25DC}"
EndProject
Project("{2150E333-8FDC-42A3-9474-1A3956D46DE8}") = "API", "API", "{AA90DB4B-4B6A-4F43-ACE4-1E7FF56010DD}"
EndProject
Project("{2150E333-8FDC-42A3-9474-1A3956D46DE8}") = "PRE", "PRE", "{9D11B808-6F0E-4AB6-9DF6-CA57517D5072}"
EndProject
Project("{9A19103F-16F7-4668-BE54-9A1E7A4F7556}") = "Renta-y-venta-de-peliculas.Web", "Renta-y-venta-de-peliculas.Web\Renta-y-venta-de-peliculas.Web.csproj", "{C77F8FFD-6634-47FD-99D6-62128BF45490}"
EndProject
Project("{2150E333-8FDC-42A3-9474-1A3956D46DE8}") = "TEST", "TEST", "{73D7B94E-7FDB-4EA6-A9C1-67869C559EC8}"
EndProject
Project("{9A19103F-16F7-4668-BE54-9A1E7A4F7556}") = "Renta-y-venta-de-peliculas.TEST", "Renta-y-venta-de-peliculas.TEST\Renta-y-venta-de-peliculas.TEST.csproj", "{1DA36E75-9E32-4CCF-838E-2EEDA85D3066}"
EndProject
Project("{FAE04EC0-301F-11D3-BF4B-00C04F79EFBC}") = "Renta-y-venta-de-peliculas. API", "Renta-y-venta-de-peliculas. API\Renta-y-venta-de-peliculas. API.csproj", "{984BBDE8-FC43-4CF0-8FFB-3F5EACB0A52C}"
EndProject
Global
	GlobalSection(SolutionConfigurationPlatforms) = preSolution
		Debug|Any CPU = Debug|Any CPU
		Release|Any CPU = Release|Any CPU
	EndGlobalSection
	GlobalSection(ProjectConfigurationPlatforms) = postSolution
		{57558E86-D6AD-4A6E-A6E0-3BDCC0187185}.Debug|Any CPU.ActiveCfg = Debug|Any CPU
		{57558E86-D6AD-4A6E-A6E0-3BDCC0187185}.Debug|Any CPU.Build.0 = Debug|Any CPU
		{57558E86-D6AD-4A6E-A6E0-3BDCC0187185}.Release|Any CPU.ActiveCfg = Release|Any CPU
		{57558E86-D6AD-4A6E-A6E0-3BDCC0187185}.Release|Any CPU.Build.0 = Release|Any CPU
		{C008B389-77B5-41FB-94DF-C0B9968B25DC}.Debug|Any CPU.ActiveCfg = Debug|Any CPU
		{C008B389-77B5-41FB-94DF-C0B9968B25DC}.Debug|Any CPU.Build.0 = Debug|Any CPU
		{C008B389-77B5-41FB-94DF-C0B9968B25DC}.Release|Any CPU.ActiveCfg = Release|Any CPU
		{C008B389-77B5-41FB-94DF-C0B9968B25DC}.Release|Any CPU.Build.0 = Release|Any CPU
		{C77F8FFD-6634-47FD-99D6-62128BF45490}.Debug|Any CPU.ActiveCfg = Debug|Any CPU
		{C77F8FFD-6634-47FD-99D6-62128BF45490}.Debug|Any CPU.Build.0 = Debug|Any CPU
		{C77F8FFD-6634-47FD-99D6-62128BF45490}.Release|Any CPU.ActiveCfg = Release|Any CPU
		{C77F8FFD-6634-47FD-99D6-62128BF45490}.Release|Any CPU.Build.0 = Release|Any CPU
		{1DA36E75-9E32-4CCF-838E-2EEDA85D3066}.Debug|Any CPU.ActiveCfg = Debug|Any CPU
		{1DA36E75-9E32-4CCF-838E-2EEDA85D3066}.Debug|Any CPU.Build.0 = Debug|Any CPU
		{1DA36E75-9E32-4CCF-838E-2EEDA85D3066}.Release|Any CPU.ActiveCfg = Release|Any CPU
		{1DA36E75-9E32-4CCF-838E-2EEDA85D3066}.Release|Any CPU.Build.0 = Release|Any CPU
		{984BBDE8-FC43-4CF0-8FFB-3F5EACB0A52C}.Debug|Any CPU.ActiveCfg = Debug|Any CPU
		{984BBDE8-FC43-4CF0-8FFB-3F5EACB0A52C}.Debug|Any CPU.Build.0 = Debug|Any CPU
		{984BBDE8-FC43-4CF0-8FFB-3F5EACB0A52C}.Release|Any CPU.ActiveCfg = Release|Any CPU
		{984BBDE8-FC43-4CF0-8FFB-3F5EACB0A52C}.Release|Any CPU.Build.0 = Release|Any CPU
	EndGlobalSection
	GlobalSection(SolutionProperties) = preSolution
		HideSolutionNode = FALSE
	EndGlobalSection
	GlobalSection(NestedProjects) = preSolution
		{57558E86-D6AD-4A6E-A6E0-3BDCC0187185} = {59A97687-1700-4D23-BF15-9519440EB0A7}
		{C008B389-77B5-41FB-94DF-C0B9968B25DC} = {BEA8B722-CC80-4E18-93FD-BDC1684F99C5}
		{C77F8FFD-6634-47FD-99D6-62128BF45490} = {9D11B808-6F0E-4AB6-9DF6-CA57517D5072}
		{1DA36E75-9E32-4CCF-838E-2EEDA85D3066} = {73D7B94E-7FDB-4EA6-A9C1-67869C559EC8}
		{984BBDE8-FC43-4CF0-8FFB-3F5EACB0A52C} = {AA90DB4B-4B6A-4F43-ACE4-1E7FF56010DD}
	EndGlobalSection
	GlobalSection(ExtensibilityGlobals) = postSolution
		SolutionGuid = {7DFD8E37-CCB4-41AE-8845-0861F9414046}
	EndGlobalSection
EndGlobal
